{
  "name": "geocoder-ts",
  "version": "0.0.1",
  "lockfileVersion": 1,
  "requires": true,
  "dependencies": {
    "@types/pbf": {
      "version": "3.0.2",
      "resolved": "https://registry.npmjs.org/@types/pbf/-/pbf-3.0.2.tgz",
      "integrity": "sha512-EDrLIPaPXOZqDjrkzxxbX7UlJSeQVgah3i0aA4pOSzmK9zq3BIh7/MZIQxED7slJByvKM4Gc6Hypyu2lJzh3SQ==",
      "dev": true
    }
  }
}
